
Microsoft Visual Studio Solution File, Format Version 12.00
# Visual Studio Version 17
VisualStudioVersion = 17.14.36623.8 d17.14
MinimumVisualStudioVersion = 10.0.40219.1
Project("{FAE04EC0-301F-11D3-BF4B-00C04F79EFBC}") = "Pizza Project", "Pizza Project.csproj", "{A50EA61E-BEC5-4110-BBF8-ED9410DCE8CF}"
EndProject
Global
	GlobalSection(SolutionConfigurationPlatforms) = preSolution
		Debug|Any CPU = Debug|Any CPU
		Release|Any CPU = Release|Any CPU
	EndGlobalSection
	GlobalSection(ProjectConfigurationPlatforms) = postSolution
		{A50EA61E-BEC5-4110-BBF8-ED9410DCE8CF}.Debug|Any CPU.ActiveCfg = Debug|Any CPU
		{A50EA61E-BEC5-4110-BBF8-ED9410DCE8CF}.Debug|Any CPU.Build.0 = Debug|Any CPU
		{A50EA61E-BEC5-4110-BBF8-ED9410DCE8CF}.Release|Any CPU.ActiveCfg = Release|Any CPU
		{A50EA61E-BEC5-4110-BBF8-ED9410DCE8CF}.Release|Any CPU.Build.0 = Release|Any CPU
	EndGlobalSection
	GlobalSection(SolutionProperties) = preSolution
		HideSolutionNode = FALSE
	EndGlobalSection
	GlobalSection(ExtensibilityGlobals) = postSolution
		SolutionGuid = {20759466-4545-4B6C-8D3E-73988391548E}
	EndGlobalSection
EndGlobal
